
Microsoft Visual Studio Solution File, Format Version 12.00
# Visual Studio Version 17
VisualStudioVersion = 17.0.32014.148
MinimumVisualStudioVersion = 10.0.40219.1
Project("{9A19103F-16F7-4668-BE54-9A1E7A4F7556}") = "GestionFacturas.Dominio", "GestionFacturas.Dominio\GestionFacturas.Dominio.csproj", "{0BE61755-5C14-43D2-8ED0-D5265446CE59}"
EndProject
Project("{9A19103F-16F7-4668-BE54-9A1E7A4F7556}") = "GestionFacturas.AccesoDatosSql", "GestionFacturas.AccesoDatosSql\GestionFacturas.AccesoDatosSql.csproj", "{5A6F0C71-AD72-4906-BBCF-C0AEEA44AFF3}"
EndProject
Project("{9A19103F-16F7-4668-BE54-9A1E7A4F7556}") = "GestionFacturas.Aplicacion", "GestionFacturas.Aplicacion\GestionFacturas.Aplicacion.csproj", "{FCCC6EBB-C390-4A4B-B705-F23D3B3120B8}"
EndProject
Project("{9A19103F-16F7-4668-BE54-9A1E7A4F7556}") = "GestionFacturas.Web", "GestionFacturas.Web\GestionFacturas.Web.csproj", "{7AAB3691-8BC5-4C68-80B6-628B4FF86C32}"
EndProject
Global
	GlobalSection(SolutionConfigurationPlatforms) = preSolution
		Debug|Any CPU = Debug|Any CPU
		Release|Any CPU = Release|Any CPU
	EndGlobalSection
	GlobalSection(ProjectConfigurationPlatforms) = postSolution
		{0BE61755-5C14-43D2-8ED0-D5265446CE59}.Debug|Any CPU.ActiveCfg = Debug|Any CPU
		{0BE61755-5C14-43D2-8ED0-D5265446CE59}.Debug|Any CPU.Build.0 = Debug|Any CPU
		{0BE61755-5C14-43D2-8ED0-D5265446CE59}.Release|Any CPU.ActiveCfg = Release|Any CPU
		{0BE61755-5C14-43D2-8ED0-D5265446CE59}.Release|Any CPU.Build.0 = Release|Any CPU
		{5A6F0C71-AD72-4906-BBCF-C0AEEA44AFF3}.Debug|Any CPU.ActiveCfg = Debug|Any CPU
		{5A6F0C71-AD72-4906-BBCF-C0AEEA44AFF3}.Debug|Any CPU.Build.0 = Debug|Any CPU
		{5A6F0C71-AD72-4906-BBCF-C0AEEA44AFF3}.Release|Any CPU.ActiveCfg = Release|Any CPU
		{5A6F0C71-AD72-4906-BBCF-C0AEEA44AFF3}.Release|Any CPU.Build.0 = Release|Any CPU
		{FCCC6EBB-C390-4A4B-B705-F23D3B3120B8}.Debug|Any CPU.ActiveCfg = Debug|Any CPU
		{FCCC6EBB-C390-4A4B-B705-F23D3B3120B8}.Debug|Any CPU.Build.0 = Debug|Any CPU
		{FCCC6EBB-C390-4A4B-B705-F23D3B3120B8}.Release|Any CPU.ActiveCfg = Release|Any CPU
		{FCCC6EBB-C390-4A4B-B705-F23D3B3120B8}.Release|Any CPU.Build.0 = Release|Any CPU
		{7AAB3691-8BC5-4C68-80B6-628B4FF86C32}.Debug|Any CPU.ActiveCfg = Debug|Any CPU
		{7AAB3691-8BC5-4C68-80B6-628B4FF86C32}.Debug|Any CPU.Build.0 = Debug|Any CPU
		{7AAB3691-8BC5-4C68-80B6-628B4FF86C32}.Release|Any CPU.ActiveCfg = Release|Any CPU
		{7AAB3691-8BC5-4C68-80B6-628B4FF86C32}.Release|Any CPU.Build.0 = Release|Any CPU
	EndGlobalSection
	GlobalSection(SolutionProperties) = preSolution
		HideSolutionNode = FALSE
	EndGlobalSection
	GlobalSection(ExtensibilityGlobals) = postSolution
		SolutionGuid = {32DF7F9B-3305-46EE-80C2-714CB9592384}
	EndGlobalSection
EndGlobal
