
Microsoft Visual Studio Solution File, Format Version 12.00
# Visual Studio Version 17
VisualStudioVersion = 17.0.32014.148
MinimumVisualStudioVersion = 10.0.40219.1
Project("{FAE04EC0-301F-11D3-BF4B-00C04F79EFBC}") = "GestionFacturas.Website", "GestionFacturas.Website\GestionFacturas.Website.csproj", "{80DD7FBD-9B1C-4E7F-9AAD-DF57D3EB6AD2}"
EndProject
Project("{FAE04EC0-301F-11D3-BF4B-00C04F79EFBC}") = "GestionFacturas.Servicios", "GestionFacturas.Servicios\GestionFacturas.Servicios.csproj", "{B5ECA3F7-1858-49D0-A148-D4AB14B9C02B}"
EndProject
Project("{FAE04EC0-301F-11D3-BF4B-00C04F79EFBC}") = "GestionFacturas.Modelos", "GestionFacturas.Modelos\GestionFacturas.Modelos.csproj", "{830B5222-2DBF-47B9-A9A0-C6B07294BFF3}"
EndProject
Project("{FAE04EC0-301F-11D3-BF4B-00C04F79EFBC}") = "GestionFacturas.Tests", "GestionFacturas.Tests\GestionFacturas.Tests.csproj", "{BE82B157-113E-48F7-AD13-69E50AF03BF5}"
EndProject
Project("{FAE04EC0-301F-11D3-BF4B-00C04F79EFBC}") = "GestionFacturas.Datos", "GestionFacturas.Datos\GestionFacturas.Datos.csproj", "{6A203CF3-8AA5-4E51-8F7F-18DED40DA663}"
EndProject
Project("{FAE04EC0-301F-11D3-BF4B-00C04F79EFBC}") = "GestionFacturas.Infra", "GestionFacturas.Infra\GestionFacturas.Infra.csproj", "{B9BCA032-2F21-4586-A370-240061C30B1A}"
EndProject
Project("{9A19103F-16F7-4668-BE54-9A1E7A4F7556}") = "GestionFacturas.Dominio", "GestionFacturas.Dominio\GestionFacturas.Dominio.csproj", "{0BE61755-5C14-43D2-8ED0-D5265446CE59}"
EndProject
Project("{FAE04EC0-301F-11D3-BF4B-00C04F79EFBC}") = "GestionFacturas.AccesoDatosSql", "GestionFacturas.AccesoDatosSql\GestionFacturas.AccesoDatosSql.csproj", "{5A6F0C71-AD72-4906-BBCF-C0AEEA44AFF3}"
EndProject
Project("{2150E333-8FDC-42A3-9474-1A3956D46DE8}") = "Old", "Old", "{F750F552-4EBF-4E1F-A0E3-9AE35892E295}"
EndProject
Project("{FAE04EC0-301F-11D3-BF4B-00C04F79EFBC}") = "GestionFacturas.Aplicacion", "GestionFacturas.Aplicacion\GestionFacturas.Aplicacion.csproj", "{FCCC6EBB-C390-4A4B-B705-F23D3B3120B8}"
EndProject
Global
	GlobalSection(SolutionConfigurationPlatforms) = preSolution
		Debug|Any CPU = Debug|Any CPU
		Demo|Any CPU = Demo|Any CPU
		Release|Any CPU = Release|Any CPU
	EndGlobalSection
	GlobalSection(ProjectConfigurationPlatforms) = postSolution
		{80DD7FBD-9B1C-4E7F-9AAD-DF57D3EB6AD2}.Debug|Any CPU.ActiveCfg = Debug|Any CPU
		{80DD7FBD-9B1C-4E7F-9AAD-DF57D3EB6AD2}.Debug|Any CPU.Build.0 = Debug|Any CPU
		{80DD7FBD-9B1C-4E7F-9AAD-DF57D3EB6AD2}.Demo|Any CPU.ActiveCfg = Demo|Any CPU
		{80DD7FBD-9B1C-4E7F-9AAD-DF57D3EB6AD2}.Demo|Any CPU.Build.0 = Demo|Any CPU
		{80DD7FBD-9B1C-4E7F-9AAD-DF57D3EB6AD2}.Release|Any CPU.ActiveCfg = Release|Any CPU
		{80DD7FBD-9B1C-4E7F-9AAD-DF57D3EB6AD2}.Release|Any CPU.Build.0 = Release|Any CPU
		{B5ECA3F7-1858-49D0-A148-D4AB14B9C02B}.Debug|Any CPU.ActiveCfg = Debug|Any CPU
		{B5ECA3F7-1858-49D0-A148-D4AB14B9C02B}.Debug|Any CPU.Build.0 = Debug|Any CPU
		{B5ECA3F7-1858-49D0-A148-D4AB14B9C02B}.Demo|Any CPU.ActiveCfg = Demo|Any CPU
		{B5ECA3F7-1858-49D0-A148-D4AB14B9C02B}.Demo|Any CPU.Build.0 = Demo|Any CPU
		{B5ECA3F7-1858-49D0-A148-D4AB14B9C02B}.Release|Any CPU.ActiveCfg = Release|Any CPU
		{B5ECA3F7-1858-49D0-A148-D4AB14B9C02B}.Release|Any CPU.Build.0 = Release|Any CPU
		{830B5222-2DBF-47B9-A9A0-C6B07294BFF3}.Debug|Any CPU.ActiveCfg = Debug|Any CPU
		{830B5222-2DBF-47B9-A9A0-C6B07294BFF3}.Debug|Any CPU.Build.0 = Debug|Any CPU
		{830B5222-2DBF-47B9-A9A0-C6B07294BFF3}.Demo|Any CPU.ActiveCfg = Demo|Any CPU
		{830B5222-2DBF-47B9-A9A0-C6B07294BFF3}.Demo|Any CPU.Build.0 = Demo|Any CPU
		{830B5222-2DBF-47B9-A9A0-C6B07294BFF3}.Release|Any CPU.ActiveCfg = Release|Any CPU
		{830B5222-2DBF-47B9-A9A0-C6B07294BFF3}.Release|Any CPU.Build.0 = Release|Any CPU
		{BE82B157-113E-48F7-AD13-69E50AF03BF5}.Debug|Any CPU.ActiveCfg = Debug|Any CPU
		{BE82B157-113E-48F7-AD13-69E50AF03BF5}.Debug|Any CPU.Build.0 = Debug|Any CPU
		{BE82B157-113E-48F7-AD13-69E50AF03BF5}.Demo|Any CPU.ActiveCfg = Demo|Any CPU
		{BE82B157-113E-48F7-AD13-69E50AF03BF5}.Demo|Any CPU.Build.0 = Demo|Any CPU
		{BE82B157-113E-48F7-AD13-69E50AF03BF5}.Release|Any CPU.ActiveCfg = Release|Any CPU
		{BE82B157-113E-48F7-AD13-69E50AF03BF5}.Release|Any CPU.Build.0 = Release|Any CPU
		{6A203CF3-8AA5-4E51-8F7F-18DED40DA663}.Debug|Any CPU.ActiveCfg = Debug|Any CPU
		{6A203CF3-8AA5-4E51-8F7F-18DED40DA663}.Debug|Any CPU.Build.0 = Debug|Any CPU
		{6A203CF3-8AA5-4E51-8F7F-18DED40DA663}.Demo|Any CPU.ActiveCfg = Demo|Any CPU
		{6A203CF3-8AA5-4E51-8F7F-18DED40DA663}.Demo|Any CPU.Build.0 = Demo|Any CPU
		{6A203CF3-8AA5-4E51-8F7F-18DED40DA663}.Release|Any CPU.ActiveCfg = Release|Any CPU
		{6A203CF3-8AA5-4E51-8F7F-18DED40DA663}.Release|Any CPU.Build.0 = Release|Any CPU
		{B9BCA032-2F21-4586-A370-240061C30B1A}.Debug|Any CPU.ActiveCfg = Debug|Any CPU
		{B9BCA032-2F21-4586-A370-240061C30B1A}.Debug|Any CPU.Build.0 = Debug|Any CPU
		{B9BCA032-2F21-4586-A370-240061C30B1A}.Demo|Any CPU.ActiveCfg = Debug|Any CPU
		{B9BCA032-2F21-4586-A370-240061C30B1A}.Demo|Any CPU.Build.0 = Debug|Any CPU
		{B9BCA032-2F21-4586-A370-240061C30B1A}.Release|Any CPU.ActiveCfg = Release|Any CPU
		{B9BCA032-2F21-4586-A370-240061C30B1A}.Release|Any CPU.Build.0 = Release|Any CPU
		{0BE61755-5C14-43D2-8ED0-D5265446CE59}.Debug|Any CPU.ActiveCfg = Debug|Any CPU
		{0BE61755-5C14-43D2-8ED0-D5265446CE59}.Debug|Any CPU.Build.0 = Debug|Any CPU
		{0BE61755-5C14-43D2-8ED0-D5265446CE59}.Demo|Any CPU.ActiveCfg = Debug|Any CPU
		{0BE61755-5C14-43D2-8ED0-D5265446CE59}.Demo|Any CPU.Build.0 = Debug|Any CPU
		{0BE61755-5C14-43D2-8ED0-D5265446CE59}.Release|Any CPU.ActiveCfg = Release|Any CPU
		{0BE61755-5C14-43D2-8ED0-D5265446CE59}.Release|Any CPU.Build.0 = Release|Any CPU
		{5A6F0C71-AD72-4906-BBCF-C0AEEA44AFF3}.Debug|Any CPU.ActiveCfg = Debug|Any CPU
		{5A6F0C71-AD72-4906-BBCF-C0AEEA44AFF3}.Debug|Any CPU.Build.0 = Debug|Any CPU
		{5A6F0C71-AD72-4906-BBCF-C0AEEA44AFF3}.Demo|Any CPU.ActiveCfg = Debug|Any CPU
		{5A6F0C71-AD72-4906-BBCF-C0AEEA44AFF3}.Demo|Any CPU.Build.0 = Debug|Any CPU
		{5A6F0C71-AD72-4906-BBCF-C0AEEA44AFF3}.Release|Any CPU.ActiveCfg = Release|Any CPU
		{5A6F0C71-AD72-4906-BBCF-C0AEEA44AFF3}.Release|Any CPU.Build.0 = Release|Any CPU
		{FCCC6EBB-C390-4A4B-B705-F23D3B3120B8}.Debug|Any CPU.ActiveCfg = Debug|Any CPU
		{FCCC6EBB-C390-4A4B-B705-F23D3B3120B8}.Debug|Any CPU.Build.0 = Debug|Any CPU
		{FCCC6EBB-C390-4A4B-B705-F23D3B3120B8}.Demo|Any CPU.ActiveCfg = Debug|Any CPU
		{FCCC6EBB-C390-4A4B-B705-F23D3B3120B8}.Demo|Any CPU.Build.0 = Debug|Any CPU
		{FCCC6EBB-C390-4A4B-B705-F23D3B3120B8}.Release|Any CPU.ActiveCfg = Release|Any CPU
		{FCCC6EBB-C390-4A4B-B705-F23D3B3120B8}.Release|Any CPU.Build.0 = Release|Any CPU
	EndGlobalSection
	GlobalSection(SolutionProperties) = preSolution
		HideSolutionNode = FALSE
	EndGlobalSection
	GlobalSection(NestedProjects) = preSolution
		{B5ECA3F7-1858-49D0-A148-D4AB14B9C02B} = {F750F552-4EBF-4E1F-A0E3-9AE35892E295}
		{830B5222-2DBF-47B9-A9A0-C6B07294BFF3} = {F750F552-4EBF-4E1F-A0E3-9AE35892E295}
		{BE82B157-113E-48F7-AD13-69E50AF03BF5} = {F750F552-4EBF-4E1F-A0E3-9AE35892E295}
		{6A203CF3-8AA5-4E51-8F7F-18DED40DA663} = {F750F552-4EBF-4E1F-A0E3-9AE35892E295}
		{B9BCA032-2F21-4586-A370-240061C30B1A} = {F750F552-4EBF-4E1F-A0E3-9AE35892E295}
	EndGlobalSection
	GlobalSection(ExtensibilityGlobals) = postSolution
		SolutionGuid = {32DF7F9B-3305-46EE-80C2-714CB9592384}
	EndGlobalSection
EndGlobal
